
Microsoft Visual Studio Solution File, Format Version 12.00
# Visual Studio Version 17
VisualStudioVersion = 17.8.34322.80
MinimumVisualStudioVersion = 10.0.40219.1
Project("{FAE04EC0-301F-11D3-BF4B-00C04F79EFBC}") = "Fast1BRC", "Fast1BRC.csproj", "{43C264AA-07E5-4B7B-A58E-15933FD40E8C}"
EndProject
Global
	GlobalSection(SolutionConfigurationPlatforms) = preSolution
		Debug|Any CPU = Debug|Any CPU
		Release|Any CPU = Release|Any CPU
	EndGlobalSection
	GlobalSection(ProjectConfigurationPlatforms) = postSolution
		{43C264AA-07E5-4B7B-A58E-15933FD40E8C}.Debug|Any CPU.ActiveCfg = Debug|Any CPU
		{43C264AA-07E5-4B7B-A58E-15933FD40E8C}.Debug|Any CPU.Build.0 = Debug|Any CPU
		{43C264AA-07E5-4B7B-A58E-15933FD40E8C}.Release|Any CPU.ActiveCfg = Release|Any CPU
		{43C264AA-07E5-4B7B-A58E-15933FD40E8C}.Release|Any CPU.Build.0 = Release|Any CPU
	EndGlobalSection
	GlobalSection(SolutionProperties) = preSolution
		HideSolutionNode = FALSE
	EndGlobalSection
	GlobalSection(ExtensibilityGlobals) = postSolution
		SolutionGuid = {96A2B4C0-E6F5-483C-B877-B32DD54F7701}
	EndGlobalSection
EndGlobal
